
Microsoft Visual Studio Solution File, Format Version 12.00
# Visual Studio Version 17
VisualStudioVersion = 17.5.33627.172
MinimumVisualStudioVersion = 10.0.40219.1
Project("{9A19103F-16F7-4668-BE54-9A1E7A4F7556}") = "DataHub_Automation", "DataHub_Automation.csproj", "{1771B795-3E76-4589-93AE-C2775F345984}"
EndProject
Global
	GlobalSection(SolutionConfigurationPlatforms) = preSolution
		Debug|Any CPU = Debug|Any CPU
		Release|Any CPU = Release|Any CPU
	EndGlobalSection
	GlobalSection(ProjectConfigurationPlatforms) = postSolution
		{1771B795-3E76-4589-93AE-C2775F345984}.Debug|Any CPU.ActiveCfg = Debug|Any CPU
		{1771B795-3E76-4589-93AE-C2775F345984}.Debug|Any CPU.Build.0 = Debug|Any CPU
		{1771B795-3E76-4589-93AE-C2775F345984}.Release|Any CPU.ActiveCfg = Release|Any CPU
		{1771B795-3E76-4589-93AE-C2775F345984}.Release|Any CPU.Build.0 = Release|Any CPU
	EndGlobalSection
	GlobalSection(SolutionProperties) = preSolution
		HideSolutionNode = FALSE
	EndGlobalSection
	GlobalSection(ExtensibilityGlobals) = postSolution
		SolutionGuid = {8C5D8FDA-17C3-433B-800E-5A6418D83AA6}
	EndGlobalSection
EndGlobal
